{
  "requires": true,
  "lockfileVersion": 1,
  "dependencies": {
    "@babel/runtime": {
      "version": "7.9.6",
      "resolved": "https://registry.npmjs.org/@babel/runtime/-/runtime-7.9.6.tgz",
      "integrity": "sha512-64AF1xY3OAkFHqOb9s4jpgk1Mm5vDZ4L3acHvAml+53nO1XbXLuDodsVpO4OIUsmemlUHMxNdYMNJmsvOwLrvQ==",
      "requires": {
        "regenerator-runtime": "^0.13.4"
      }
    },
    "@date-fns/upgrade": {
      "version": "1.0.3",
      "resolved": "https://registry.npmjs.org/@date-fns/upgrade/-/upgrade-1.0.3.tgz",
      "integrity": "sha512-0BLzKmXwWw3Zh3cZzW4xScmwGijXCAulaFdikqNiSnK8PAgYYSWWxOP/kuJFpKaoIT5KzstVGyHsjA7t/QXi1Q==",
      "requires": {
        "date-fns": "^2.1"
      }
    },
    "axios": {
      "version": "0.19.2",
      "resolved": "https://registry.npmjs.org/axios/-/axios-0.19.2.tgz",
      "integrity": "sha512-fjgm5MvRHLhx+osE2xoekY70AhARk3a6hkN+3Io1jc00jtquGvxYlKlsFUhmUET0V5te6CcZI7lcv2Ym61mjHA==",
      "requires": {
        "follow-redirects": "1.5.10"
      }
    },
    "classnames": {
      "version": "2.2.6",
      "resolved": "https://registry.npmjs.org/classnames/-/classnames-2.2.6.tgz",
      "integrity": "sha512-JR/iSQOSt+LQIWwrwEzJ9uk0xfN3mTVYMwt1Ir5mUcSN6pU+V4zQFFaJsclJbPuAUQH+yfWef6tm7l1quW3C8Q=="
    },
    "core-js": {
      "version": "3.6.5",
      "resolved": "https://registry.npmjs.org/core-js/-/core-js-3.6.5.tgz",
      "integrity": "sha512-vZVEEwZoIsI+vPEuoF9Iqf5H7/M3eeQqWlQnYa8FSKKePuYTf5MWnxb5SDAzCa60b3JBRS5g9b+Dq7b1y/RCrA=="
    },
    "date-fns": {
      "version": "2.13.0",
      "resolved": "https://registry.npmjs.org/date-fns/-/date-fns-2.13.0.tgz",
      "integrity": "sha512-xm0c61mevGF7f0XpCGtDTGpzEFC/1fpLXHbmFpxZZQJuvByIK2ozm6cSYuU+nxFYOPh2EuCfzUwlTEFwKG+h5w=="
    },
    "dayzed": {
      "version": "3.1.0",
      "resolved": "https://registry.npmjs.org/dayzed/-/dayzed-3.1.0.tgz",
      "integrity": "sha512-Mwb/T78ppKDIoXsNgSLfIYfIO7ylal+vKp8VVMzK6rQq4VJSE7AdrGFN2EQDmve037J9TKZo06mX+QuuKQ2raA==",
      "requires": {
        "@babel/runtime": "^7.6.2",
        "date-fns": "^2.0.0"
      }
    },
    "debug": {
      "version": "3.1.0",
      "resolved": "https://registry.npmjs.org/debug/-/debug-3.1.0.tgz",
      "integrity": "sha512-OX8XqP7/1a9cqkxYw2yXss15f26NKWBpDXQd0/uK/KPqdQhxbPa994hnzjcE2VqQpDslf55723cKPUOGSmMY3g==",
      "requires": {
        "ms": "2.0.0"
      }
    },
    "follow-redirects": {
      "version": "1.5.10",
      "resolved": "https://registry.npmjs.org/follow-redirects/-/follow-redirects-1.5.10.tgz",
      "integrity": "sha512-0V5l4Cizzvqt5D44aTXbFZz+FtyXV1vrDN6qrelxtfYQKW0KO0W2T/hkE8xvGa/540LkZlkaUjO4ailYTFtHVQ==",
      "requires": {
        "debug": "=3.1.0"
      }
    },
    "format-string-by-pattern": {
      "version": "1.2.1",
      "resolved": "https://registry.npmjs.org/format-string-by-pattern/-/format-string-by-pattern-1.2.1.tgz",
      "integrity": "sha512-x7JY+q8XvBmHCf4ZSQiiG+8fmC02oiei1JoAsUcdHcy8Kn6LwaE1KUlQ8ph3fNnIcWY65B3aVuKArdbAEQxpLg=="
    },
    "moment": {
      "version": "2.25.3",
      "resolved": "https://registry.npmjs.org/moment/-/moment-2.25.3.tgz",
      "integrity": "sha512-PuYv0PHxZvzc15Sp8ybUCoQ+xpyPWvjOuK72a5ovzp2LI32rJXOiIfyoFoYvG3s6EwwrdkMyWuRiEHSZRLJNdg=="
    },
    "ms": {
      "version": "2.0.0",
      "resolved": "https://registry.npmjs.org/ms/-/ms-2.0.0.tgz",
      "integrity": "sha1-VgiurfwAvmwpAd9fmGF4jeDVl8g="
    },
    "react-fast-compare": {
      "version": "3.1.1",
      "resolved": "https://registry.npmjs.org/react-fast-compare/-/react-fast-compare-3.1.1.tgz",
      "integrity": "sha512-SCsAORWK59BvauR2L1BTdjQbJcSGJJz03U0awektk2hshLKrITDDFTlgGCqIZpTDlPC/NFlZee6xTMzXPVLiHw=="
    },
    "react-semantic-ui-datepickers": {
      "version": "2.6.0",
      "resolved": "https://registry.npmjs.org/react-semantic-ui-datepickers/-/react-semantic-ui-datepickers-2.6.0.tgz",
      "integrity": "sha512-wrZl0jsnygn3Nh6QYTM+Y/vt60QInXLgxBFI5I0tKVZrH2JRCWbpSuXEjXCAr17ufRtULdQKvIcLnQygmU4gNQ==",
      "requires": {
        "@babel/runtime": "7.9.6",
        "@date-fns/upgrade": "1.0.3",
        "classnames": "2.2.6",
        "core-js": "3.6.5",
        "date-fns": "2.13.0",
        "dayzed": "3.1.0",
        "format-string-by-pattern": "1.2.1",
        "react-fast-compare": "3.1.1"
      }
    },
    "regenerator-runtime": {
      "version": "0.13.5",
      "resolved": "https://registry.npmjs.org/regenerator-runtime/-/regenerator-runtime-0.13.5.tgz",
      "integrity": "sha512-ZS5w8CpKFinUzOwW3c83oPeVXoNsrLsaCoLtJvAClH135j/R77RuymhiSErhm2lKcwSCIpmvIWSbDkIfAqKQlA=="
    }
  }
}
